
Microsoft Visual Studio Solution File, Format Version 12.00
# Visual Studio Version 16
VisualStudioVersion = 16.0.30204.135
MinimumVisualStudioVersion = 10.0.40219.1
Project("{9A19103F-16F7-4668-BE54-9A1E7A4F7556}") = "Broker", "Broker\Broker.csproj", "{0182C8B6-082D-4A7C-BC3D-E4D5270A13A3}"
EndProject
Project("{2150E333-8FDC-42A3-9474-1A3956D46DE8}") = "MessageBroker", "MessageBroker", "{82891492-4FCA-487B-B2A3-157417E9D302}"
EndProject
Project("{2150E333-8FDC-42A3-9474-1A3956D46DE8}") = "Publisher", "Publisher", "{7BD78588-A212-48E8-BA93-60620248BB7E}"
EndProject
Project("{9A19103F-16F7-4668-BE54-9A1E7A4F7556}") = "PublisherExample", "Publisher\PublisherExample\PublisherExample.csproj", "{D2999469-CC49-454F-B296-53E9B2A2FB6A}"
EndProject
Project("{2150E333-8FDC-42A3-9474-1A3956D46DE8}") = "Subscriber", "Subscriber", "{882F345B-6C5D-426C-A443-AC6183FB6D24}"
EndProject
Project("{9A19103F-16F7-4668-BE54-9A1E7A4F7556}") = "SubscriberExample", "Subscriber\SubscriberExample\SubscriberExample.csproj", "{6E84EC1E-082A-44EE-B389-95AC8367816A}"
EndProject
Project("{FAE04EC0-301F-11D3-BF4B-00C04F79EFBC}") = "PublisherLib", "Publisher\PublisherLib\PublisherLib.csproj", "{E015C3EC-2451-4C4F-9E8A-4A1F7E6C0D21}"
EndProject
Global
	GlobalSection(SolutionConfigurationPlatforms) = preSolution
		Debug|Any CPU = Debug|Any CPU
		Release|Any CPU = Release|Any CPU
	EndGlobalSection
	GlobalSection(ProjectConfigurationPlatforms) = postSolution
		{0182C8B6-082D-4A7C-BC3D-E4D5270A13A3}.Debug|Any CPU.ActiveCfg = Debug|Any CPU
		{0182C8B6-082D-4A7C-BC3D-E4D5270A13A3}.Debug|Any CPU.Build.0 = Debug|Any CPU
		{0182C8B6-082D-4A7C-BC3D-E4D5270A13A3}.Release|Any CPU.ActiveCfg = Release|Any CPU
		{0182C8B6-082D-4A7C-BC3D-E4D5270A13A3}.Release|Any CPU.Build.0 = Release|Any CPU
		{D2999469-CC49-454F-B296-53E9B2A2FB6A}.Debug|Any CPU.ActiveCfg = Debug|Any CPU
		{D2999469-CC49-454F-B296-53E9B2A2FB6A}.Debug|Any CPU.Build.0 = Debug|Any CPU
		{D2999469-CC49-454F-B296-53E9B2A2FB6A}.Release|Any CPU.ActiveCfg = Release|Any CPU
		{D2999469-CC49-454F-B296-53E9B2A2FB6A}.Release|Any CPU.Build.0 = Release|Any CPU
		{6E84EC1E-082A-44EE-B389-95AC8367816A}.Debug|Any CPU.ActiveCfg = Debug|Any CPU
		{6E84EC1E-082A-44EE-B389-95AC8367816A}.Debug|Any CPU.Build.0 = Debug|Any CPU
		{6E84EC1E-082A-44EE-B389-95AC8367816A}.Release|Any CPU.ActiveCfg = Release|Any CPU
		{6E84EC1E-082A-44EE-B389-95AC8367816A}.Release|Any CPU.Build.0 = Release|Any CPU
		{E015C3EC-2451-4C4F-9E8A-4A1F7E6C0D21}.Debug|Any CPU.ActiveCfg = Debug|Any CPU
		{E015C3EC-2451-4C4F-9E8A-4A1F7E6C0D21}.Debug|Any CPU.Build.0 = Debug|Any CPU
		{E015C3EC-2451-4C4F-9E8A-4A1F7E6C0D21}.Release|Any CPU.ActiveCfg = Release|Any CPU
		{E015C3EC-2451-4C4F-9E8A-4A1F7E6C0D21}.Release|Any CPU.Build.0 = Release|Any CPU
	EndGlobalSection
	GlobalSection(SolutionProperties) = preSolution
		HideSolutionNode = FALSE
	EndGlobalSection
	GlobalSection(NestedProjects) = preSolution
		{0182C8B6-082D-4A7C-BC3D-E4D5270A13A3} = {82891492-4FCA-487B-B2A3-157417E9D302}
		{D2999469-CC49-454F-B296-53E9B2A2FB6A} = {7BD78588-A212-48E8-BA93-60620248BB7E}
		{6E84EC1E-082A-44EE-B389-95AC8367816A} = {882F345B-6C5D-426C-A443-AC6183FB6D24}
		{E015C3EC-2451-4C4F-9E8A-4A1F7E6C0D21} = {7BD78588-A212-48E8-BA93-60620248BB7E}
	EndGlobalSection
	GlobalSection(ExtensibilityGlobals) = postSolution
		SolutionGuid = {5D467130-F6B7-4B75-8032-35EEE31F876A}
	EndGlobalSection
EndGlobal
